
Microsoft Visual Studio Solution File, Format Version 12.00
# Visual Studio Version 16
VisualStudioVersion = 16.0.30804.86
MinimumVisualStudioVersion = 15.0.26124.0
Project("{9A19103F-16F7-4668-BE54-9A1E7A4F7556}") = "SimpleCQRS.Core", "SimpleCQRS.Core\SimpleCQRS.Core.csproj", "{A433D824-5A67-4BAA-9FDD-7A236570DCA1}"
EndProject
Project("{FAE04EC0-301F-11D3-BF4B-00C04F79EFBC}") = "SimpleCQRS.Web", "SimpleCQRS.Web\SimpleCQRS.Web.csproj", "{E1FF2075-A1C6-4D4A-A9CD-3DCC5FD836D3}"
EndProject
Project("{FAE04EC0-301F-11D3-BF4B-00C04F79EFBC}") = "SimpleCQRS.Test", "SimpleCQRS.Test\SimpleCQRS.Test.csproj", "{29F3C385-AFB9-4CE1-B595-D7F566043519}"
EndProject
Global
	GlobalSection(SolutionConfigurationPlatforms) = preSolution
		Debug|Any CPU = Debug|Any CPU
		Debug|x64 = Debug|x64
		Debug|x86 = Debug|x86
		Release|Any CPU = Release|Any CPU
		Release|x64 = Release|x64
		Release|x86 = Release|x86
	EndGlobalSection
	GlobalSection(ProjectConfigurationPlatforms) = postSolution
		{A433D824-5A67-4BAA-9FDD-7A236570DCA1}.Debug|Any CPU.ActiveCfg = Debug|Any CPU
		{A433D824-5A67-4BAA-9FDD-7A236570DCA1}.Debug|Any CPU.Build.0 = Debug|Any CPU
		{A433D824-5A67-4BAA-9FDD-7A236570DCA1}.Debug|x64.ActiveCfg = Debug|Any CPU
		{A433D824-5A67-4BAA-9FDD-7A236570DCA1}.Debug|x64.Build.0 = Debug|Any CPU
		{A433D824-5A67-4BAA-9FDD-7A236570DCA1}.Debug|x86.ActiveCfg = Debug|Any CPU
		{A433D824-5A67-4BAA-9FDD-7A236570DCA1}.Debug|x86.Build.0 = Debug|Any CPU
		{A433D824-5A67-4BAA-9FDD-7A236570DCA1}.Release|Any CPU.ActiveCfg = Release|Any CPU
		{A433D824-5A67-4BAA-9FDD-7A236570DCA1}.Release|Any CPU.Build.0 = Release|Any CPU
		{A433D824-5A67-4BAA-9FDD-7A236570DCA1}.Release|x64.ActiveCfg = Release|Any CPU
		{A433D824-5A67-4BAA-9FDD-7A236570DCA1}.Release|x64.Build.0 = Release|Any CPU
		{A433D824-5A67-4BAA-9FDD-7A236570DCA1}.Release|x86.ActiveCfg = Release|Any CPU
		{A433D824-5A67-4BAA-9FDD-7A236570DCA1}.Release|x86.Build.0 = Release|Any CPU
		{E1FF2075-A1C6-4D4A-A9CD-3DCC5FD836D3}.Debug|Any CPU.ActiveCfg = Debug|Any CPU
		{E1FF2075-A1C6-4D4A-A9CD-3DCC5FD836D3}.Debug|Any CPU.Build.0 = Debug|Any CPU
		{E1FF2075-A1C6-4D4A-A9CD-3DCC5FD836D3}.Debug|x64.ActiveCfg = Debug|Any CPU
		{E1FF2075-A1C6-4D4A-A9CD-3DCC5FD836D3}.Debug|x64.Build.0 = Debug|Any CPU
		{E1FF2075-A1C6-4D4A-A9CD-3DCC5FD836D3}.Debug|x86.ActiveCfg = Debug|Any CPU
		{E1FF2075-A1C6-4D4A-A9CD-3DCC5FD836D3}.Debug|x86.Build.0 = Debug|Any CPU
		{E1FF2075-A1C6-4D4A-A9CD-3DCC5FD836D3}.Release|Any CPU.ActiveCfg = Release|Any CPU
		{E1FF2075-A1C6-4D4A-A9CD-3DCC5FD836D3}.Release|Any CPU.Build.0 = Release|Any CPU
		{E1FF2075-A1C6-4D4A-A9CD-3DCC5FD836D3}.Release|x64.ActiveCfg = Release|Any CPU
		{E1FF2075-A1C6-4D4A-A9CD-3DCC5FD836D3}.Release|x64.Build.0 = Release|Any CPU
		{E1FF2075-A1C6-4D4A-A9CD-3DCC5FD836D3}.Release|x86.ActiveCfg = Release|Any CPU
		{E1FF2075-A1C6-4D4A-A9CD-3DCC5FD836D3}.Release|x86.Build.0 = Release|Any CPU
		{29F3C385-AFB9-4CE1-B595-D7F566043519}.Debug|Any CPU.ActiveCfg = Debug|Any CPU
		{29F3C385-AFB9-4CE1-B595-D7F566043519}.Debug|Any CPU.Build.0 = Debug|Any CPU
		{29F3C385-AFB9-4CE1-B595-D7F566043519}.Debug|x64.ActiveCfg = Debug|Any CPU
		{29F3C385-AFB9-4CE1-B595-D7F566043519}.Debug|x64.Build.0 = Debug|Any CPU
		{29F3C385-AFB9-4CE1-B595-D7F566043519}.Debug|x86.ActiveCfg = Debug|Any CPU
		{29F3C385-AFB9-4CE1-B595-D7F566043519}.Debug|x86.Build.0 = Debug|Any CPU
		{29F3C385-AFB9-4CE1-B595-D7F566043519}.Release|Any CPU.ActiveCfg = Release|Any CPU
		{29F3C385-AFB9-4CE1-B595-D7F566043519}.Release|Any CPU.Build.0 = Release|Any CPU
		{29F3C385-AFB9-4CE1-B595-D7F566043519}.Release|x64.ActiveCfg = Release|Any CPU
		{29F3C385-AFB9-4CE1-B595-D7F566043519}.Release|x64.Build.0 = Release|Any CPU
		{29F3C385-AFB9-4CE1-B595-D7F566043519}.Release|x86.ActiveCfg = Release|Any CPU
		{29F3C385-AFB9-4CE1-B595-D7F566043519}.Release|x86.Build.0 = Release|Any CPU
	EndGlobalSection
	GlobalSection(SolutionProperties) = preSolution
		HideSolutionNode = FALSE
	EndGlobalSection
	GlobalSection(ExtensibilityGlobals) = postSolution
		SolutionGuid = {5E267034-232F-47FF-B188-B454B6631286}
	EndGlobalSection
EndGlobal
